<?xml version="1.0" encoding="utf-8"?>
<Project ToolsVersion="4.0" xmlns="http://schemas.microsoft.com/developer/msbuild/2003">
  <ItemGroup>
    <Filter Include="소스 파일">
      <UniqueIdentifier>{4FC737F1-C7A5-4376-A066-2A32D752A2FF}</UniqueIdentifier>
      <Extensions>cpp;c;cc;cxx;c++;cppm;ixx;def;odl;idl;hpj;bat;asm;asmx</Extensions>
    </Filter>
    <Filter Include="헤더 파일">
      <UniqueIdentifier>{93995380-89BD-4b04-88EB-625FBE52EBFB}</UniqueIdentifier>
      <Extensions>h;hh;hpp;hxx;h++;hm;inl;inc;ipp;xsd</Extensions>
    </Filter>
    <Filter Include="리소스 파일">
      <UniqueIdentifier>{67DA6AB6-F800-4c08-8B7A-83BB121AAD01}</UniqueIdentifier>
      <Extensions>rc;ico;cur;bmp;dlg;rc2;rct;bin;rgs;gif;jpg;jpeg;jpe;resx;tiff;tif;png;wav;mfcribbon-ms</Extensions>
    </Filter>
    <Filter Include="소스 파일\IM대비 BOJ문제 모음">
      <UniqueIdentifier>{476a151f-51ea-472b-ba83-043900cb48bd}</UniqueIdentifier>
    </Filter>
    <Filter Include="소스 파일\내가만든 문제집">
      <UniqueIdentifier>{fb59ade3-bb90-48b9-9ba9-bb79aa36b9f5}</UniqueIdentifier>
    </Filter>
    <Filter Include="소스 파일\단기간 성장">
      <UniqueIdentifier>{f9c28704-1704-4597-9078-16506a119345}</UniqueIdentifier>
    </Filter>
    <Filter Include="소스 파일\클래스 문제">
      <UniqueIdentifier>{23527759-6558-4e13-a226-f5d7e590a521}</UniqueIdentifier>
    </Filter>
    <Filter Include="소스 파일\클래스 문제\레벨 1">
      <UniqueIdentifier>{ca5399c8-c9cc-4863-a340-e13cc605ddf0}</UniqueIdentifier>
    </Filter>
    <Filter Include="소스 파일\클래스 문제\레벨 2">
      <UniqueIdentifier>{9fed2133-99cc-4353-b0a3-ac66e181f737}</UniqueIdentifier>
    </Filter>
    <Filter Include="소스 파일\클래스 문제\레벨 3">
      <UniqueIdentifier>{6aef41e5-2b41-464e-a84a-349b22ef2ee9}</UniqueIdentifier>
    </Filter>
  </ItemGroup>
  <ItemGroup>
    <ClCompile Include="2669.cpp">
      <Filter>소스 파일\IM대비 BOJ문제 모음</Filter>
    </ClCompile>
    <ClCompile Include="2635.cpp">
      <Filter>소스 파일\IM대비 BOJ문제 모음</Filter>
    </ClCompile>
    <ClCompile Include="2244%29 스위치 켜고 끄기.cpp">
      <Filter>소스 파일\IM대비 BOJ문제 모음</Filter>
    </ClCompile>
    <ClCompile Include="2628%29 종이자르기.cpp">
      <Filter>소스 파일\IM대비 BOJ문제 모음</Filter>
    </ClCompile>
    <ClCompile Include="2116%29 주사위 쌓기.cpp">
      <Filter>소스 파일\IM대비 BOJ문제 모음</Filter>
    </ClCompile>
    <ClCompile Include="2605%29 줄세우기.cpp">
      <Filter>소스 파일\IM대비 BOJ문제 모음</Filter>
    </ClCompile>
    <ClCompile Include="예시.cpp">
      <Filter>소스 파일</Filter>
    </ClCompile>
    <ClCompile Include="2559) 수열.cpp">
      <Filter>소스 파일\IM대비 BOJ문제 모음</Filter>
    </ClCompile>
    <ClCompile Include="2304) 창고 다각형.cpp">
      <Filter>소스 파일\IM대비 BOJ문제 모음</Filter>
    </ClCompile>
    <ClCompile Include="10157%29 자리배정.cpp">
      <Filter>소스 파일\IM대비 BOJ문제 모음</Filter>
    </ClCompile>
    <ClCompile Include="2564.경비원.cpp">
      <Filter>소스 파일\IM대비 BOJ문제 모음</Filter>
    </ClCompile>
    <ClCompile Include="14696. 딱지놀이.cpp">
      <Filter>소스 파일\IM대비 BOJ문제 모음</Filter>
    </ClCompile>
    <ClCompile Include="2563.색종이.cpp">
      <Filter>소스 파일\IM대비 BOJ문제 모음</Filter>
    </ClCompile>
    <ClCompile Include="방배정.cpp">
      <Filter>소스 파일\IM대비 BOJ문제 모음</Filter>
    </ClCompile>
    <ClCompile Include="2578. 빙고.cpp">
      <Filter>소스 파일\IM대비 BOJ문제 모음</Filter>
    </ClCompile>
    <ClCompile Include="10163. 색종이.cpp">
      <Filter>소스 파일\IM대비 BOJ문제 모음</Filter>
    </ClCompile>
    <ClCompile Include="10158. 개미.cpp">
      <Filter>소스 파일\IM대비 BOJ문제 모음</Filter>
    </ClCompile>
    <ClCompile Include="2491. 수열.cpp">
      <Filter>소스 파일\IM대비 BOJ문제 모음</Filter>
    </ClCompile>
    <ClCompile Include="2477. 참외밭.cpp">
      <Filter>소스 파일\IM대비 BOJ문제 모음</Filter>
    </ClCompile>
    <ClCompile Include="직사각형.cpp">
      <Filter>소스 파일\IM대비 BOJ문제 모음</Filter>
    </ClCompile>
    <ClCompile Include="11055.cpp">
      <Filter>소스 파일\내가만든 문제집</Filter>
    </ClCompile>
    <ClCompile Include="2565. 전깃줄.cpp">
      <Filter>소스 파일\내가만든 문제집</Filter>
    </ClCompile>
    <ClCompile Include="9625.BABBA.cpp">
      <Filter>소스 파일\내가만든 문제집</Filter>
    </ClCompile>
    <ClCompile Include="9007 카누.cpp">
      <Filter>소스 파일\내가만든 문제집</Filter>
    </ClCompile>
    <ClCompile Include="2749%29 파보나치 수3.cpp">
      <Filter>소스 파일\단기간 성장</Filter>
    </ClCompile>
    <ClCompile Include="1106%29 파일 합치기.cpp">
      <Filter>소스 파일\단기간 성장</Filter>
    </ClCompile>
    <ClCompile Include="1546) 퍙군.cpp">
      <Filter>소스 파일\클래스 문제\레벨 1</Filter>
    </ClCompile>
    <ClCompile Include="3052)나머지.cpp">
      <Filter>소스 파일\클래스 문제\레벨 1</Filter>
    </ClCompile>
    <ClCompile Include="11720) 숫자의 합.cpp">
      <Filter>소스 파일\클래스 문제\레벨 1</Filter>
    </ClCompile>
    <ClCompile Include="구구단.cpp">
      <Filter>소스 파일\클래스 문제\레벨 1</Filter>
    </ClCompile>
    <ClCompile Include="단어의 개수.cpp">
      <Filter>소스 파일\클래스 문제\레벨 1</Filter>
    </ClCompile>
    <ClCompile Include="별 찍기-2.cpp">
      <Filter>소스 파일\클래스 문제\레벨 1</Filter>
    </ClCompile>
    <ClCompile Include="별찍기-1.cpp">
      <Filter>소스 파일\클래스 문제\레벨 1</Filter>
    </ClCompile>
    <ClCompile Include="상수.cpp">
      <Filter>소스 파일\클래스 문제\레벨 1</Filter>
    </ClCompile>
    <ClCompile Include="시험성적.cpp">
      <Filter>소스 파일\클래스 문제\레벨 1</Filter>
    </ClCompile>
    <ClCompile Include="1085) 직사각형에서 탈출.cpp">
      <Filter>소스 파일\클래스 문제\레벨 2</Filter>
    </ClCompile>
    <ClCompile Include="직각삼각형.cpp">
      <Filter>소스 파일\클래스 문제\레벨 2</Filter>
    </ClCompile>
    <ClCompile Include="2231) 분해합.cpp">
      <Filter>소스 파일\클래스 문제\레벨 2</Filter>
    </ClCompile>
    <ClCompile Include="ACM 호텔.cpp">
      <Filter>소스 파일\클래스 문제\레벨 2</Filter>
    </ClCompile>
    <ClCompile Include="2292)벌집.cpp">
      <Filter>소스 파일\클래스 문제\레벨 2</Filter>
    </ClCompile>
    <ClCompile Include="15829)Hashing.cpp">
      <Filter>소스 파일\클래스 문제\레벨 2</Filter>
    </ClCompile>
    <ClCompile Include="1259) 팰린드롬수.cpp">
      <Filter>소스 파일\클래스 문제\레벨 2</Filter>
    </ClCompile>
    <ClCompile Include="2775) 부녀회장이 될테야.cpp">
      <Filter>소스 파일\클래스 문제\레벨 2</Filter>
    </ClCompile>
    <ClCompile Include="2869) 달팽이는 올라가고 싶다.cpp">
      <Filter>소스 파일\클래스 문제\레벨 2</Filter>
    </ClCompile>
    <ClCompile Include="11050) 이항계수1.cpp">
      <Filter>소스 파일\클래스 문제\레벨 2</Filter>
    </ClCompile>
    <ClCompile Include="1181) 단어 정렬.cpp">
      <Filter>소스 파일\클래스 문제\레벨 2</Filter>
    </ClCompile>
    <ClCompile Include="2609) 최대공약수와 최소공배수.cpp">
      <Filter>소스 파일\클래스 문제\레벨 2</Filter>
    </ClCompile>
    <ClCompile Include="2798) 블랙잭.cpp">
      <Filter>소스 파일\클래스 문제\레벨 2</Filter>
    </ClCompile>
    <ClCompile Include="1436%29 영화감독 숌.cpp">
      <Filter>소스 파일\클래스 문제\레벨 2</Filter>
    </ClCompile>
    <ClCompile Include="수 정렬하기2.cpp">
      <Filter>소스 파일\클래스 문제\레벨 2</Filter>
    </ClCompile>
    <ClCompile Include="7568) 덩치.cpp">
      <Filter>소스 파일\클래스 문제\레벨 2</Filter>
    </ClCompile>
    <ClCompile Include="10814) 나이순 정렬.cpp">
      <Filter>소스 파일\클래스 문제\레벨 2</Filter>
    </ClCompile>
    <ClCompile Include="수 정렬하기3.cpp">
      <Filter>소스 파일\클래스 문제\레벨 2</Filter>
    </ClCompile>
    <ClCompile Include="11651) 좌표 정렬하기2.cpp">
      <Filter>소스 파일\클래스 문제\레벨 2</Filter>
    </ClCompile>
    <ClCompile Include="1018) 체스판 다시 색칠하기.cpp">
      <Filter>소스 파일\클래스 문제\레벨 2</Filter>
    </ClCompile>
    <ClCompile Include="1978%29 소수찾기.cpp">
      <Filter>소스 파일\클래스 문제\레벨 2</Filter>
    </ClCompile>
    <ClCompile Include="2164) 카드2.cpp">
      <Filter>소스 파일\클래스 문제\레벨 2</Filter>
    </ClCompile>
    <ClCompile Include="4949) 균형잡힌 세상.cpp">
      <Filter>소스 파일\클래스 문제\레벨 2</Filter>
    </ClCompile>
    <ClCompile Include="10816) 숫자카드 2.cpp">
      <Filter>소스 파일\클래스 문제\레벨 2</Filter>
    </ClCompile>
    <ClCompile Include="10866) 덱.cpp">
      <Filter>소스 파일\클래스 문제\레벨 2</Filter>
    </ClCompile>
    <ClCompile Include="11650) 좌표 정렬하기.cpp">
      <Filter>소스 파일\클래스 문제\레벨 2</Filter>
    </ClCompile>
    <ClCompile Include="11866) 오세푸스 문제 0.cpp">
      <Filter>소스 파일\클래스 문제\레벨 2</Filter>
    </ClCompile>
    <ClCompile Include="1654) 랜선 자르기.cpp">
      <Filter>소스 파일\클래스 문제\레벨 2</Filter>
    </ClCompile>
    <ClCompile Include="1874) 스택 수열.cpp">
      <Filter>소스 파일\클래스 문제\레벨 2</Filter>
    </ClCompile>
    <ClCompile Include="1929) 소수 구하기.cpp">
      <Filter>소스 파일\클래스 문제\레벨 2</Filter>
    </ClCompile>
    <ClCompile Include="1966) 프린터 큐.cpp">
      <Filter>소스 파일\클래스 문제\레벨 2</Filter>
    </ClCompile>
    <ClCompile Include="18111%29 마인크래프트.cpp">
      <Filter>소스 파일\클래스 문제\레벨 2</Filter>
    </ClCompile>
    <ClCompile Include="2108) 통계햑.cpp">
      <Filter>소스 파일\클래스 문제\레벨 2</Filter>
    </ClCompile>
    <ClCompile Include="2805) 나무 자르기.cpp">
      <Filter>소스 파일\클래스 문제\레벨 2</Filter>
    </ClCompile>
    <ClCompile Include="팩토리얼 0의 개수.cpp">
      <Filter>소스 파일\클래스 문제\레벨 3</Filter>
    </ClCompile>
    <ClCompile Include="11723) 집합.cpp">
      <Filter>소스 파일\클래스 문제\레벨 3</Filter>
    </ClCompile>
    <ClCompile Include="1764) 듣보잡.cpp">
      <Filter>소스 파일\클래스 문제\레벨 3</Filter>
    </ClCompile>
    <ClCompile Include="11047) 동전 0.cpp">
      <Filter>소스 파일\클래스 문제\레벨 3</Filter>
    </ClCompile>
    <ClCompile Include="11399) ATM.cpp">
      <Filter>소스 파일\클래스 문제\레벨 3</Filter>
    </ClCompile>
    <ClCompile Include="17219) 비밀번호 찾기.cpp">
      <Filter>소스 파일\클래스 문제\레벨 3</Filter>
    </ClCompile>
    <ClCompile Include="17626%29 Four Squares.cpp">
      <Filter>소스 파일\클래스 문제\레벨 3</Filter>
    </ClCompile>
    <ClCompile Include="1003) 파보나치 함수.cpp">
      <Filter>소스 파일\클래스 문제\레벨 3</Filter>
    </ClCompile>
    <ClCompile Include="1463%29 1로 만둘기.cpp">
      <Filter>소스 파일\클래스 문제\레벨 3</Filter>
    </ClCompile>
    <ClCompile Include="2579) 계단 오르기.cpp">
      <Filter>소스 파일\클래스 문제\레벨 3</Filter>
    </ClCompile>
    <ClCompile Include="2606) 바이러스.cpp">
      <Filter>소스 파일\클래스 문제\레벨 3</Filter>
    </ClCompile>
    <ClCompile Include="9095) 1,2,3 더하기.cpp">
      <Filter>소스 파일\클래스 문제\레벨 3</Filter>
    </ClCompile>
    <ClCompile Include="9375) 패션왕 신해빈.cpp">
      <Filter>소스 파일\클래스 문제\레벨 3</Filter>
    </ClCompile>
    <ClCompile Include="9461) 파도반 수열.cpp">
      <Filter>소스 파일\클래스 문제\레벨 3</Filter>
    </ClCompile>
    <ClCompile Include="11726) 2xn 타일링.cpp">
      <Filter>소스 파일\클래스 문제\레벨 3</Filter>
    </ClCompile>
    <ClCompile Include="구간 합 구하기4.cpp">
      <Filter>소스 파일\클래스 문제\레벨 3</Filter>
    </ClCompile>
    <ClCompile Include="1260) DFS와 BFS.cpp">
      <Filter>소스 파일\클래스 문제\레벨 3</Filter>
    </ClCompile>
    <ClCompile Include="1541) 잃어버린 괄호.cpp">
      <Filter>소스 파일\클래스 문제\레벨 3</Filter>
    </ClCompile>
    <ClCompile Include="1780) 종이의 개수.cpp">
      <Filter>소스 파일\클래스 문제\레벨 3</Filter>
    </ClCompile>
    <ClCompile Include="1927) 최소 힙.cpp">
      <Filter>소스 파일\클래스 문제\레벨 3</Filter>
    </ClCompile>
    <ClCompile Include="11727) 2xn 타일링 2.cpp">
      <Filter>소스 파일\클래스 문제\레벨 3</Filter>
    </ClCompile>
  </ItemGroup>
</Project>